
Microsoft Visual Studio Solution File, Format Version 12.00
# Visual Studio Version 17
VisualStudioVersion = 17.2.32630.192
MinimumVisualStudioVersion = 10.0.40219.1
Project("{FAE04EC0-301F-11D3-BF4B-00C04F79EFBC}") = "FindMaxUsingGenerics", "FindMaxUsingGenerics.csproj", "{50931A43-D994-418C-82DC-EF1EA3329518}"
EndProject
Global
	GlobalSection(SolutionConfigurationPlatforms) = preSolution
		Debug|Any CPU = Debug|Any CPU
		Release|Any CPU = Release|Any CPU
	EndGlobalSection
	GlobalSection(ProjectConfigurationPlatforms) = postSolution
		{50931A43-D994-418C-82DC-EF1EA3329518}.Debug|Any CPU.ActiveCfg = Debug|Any CPU
		{50931A43-D994-418C-82DC-EF1EA3329518}.Debug|Any CPU.Build.0 = Debug|Any CPU
		{50931A43-D994-418C-82DC-EF1EA3329518}.Release|Any CPU.ActiveCfg = Release|Any CPU
		{50931A43-D994-418C-82DC-EF1EA3329518}.Release|Any CPU.Build.0 = Release|Any CPU
	EndGlobalSection
	GlobalSection(SolutionProperties) = preSolution
		HideSolutionNode = FALSE
	EndGlobalSection
	GlobalSection(ExtensibilityGlobals) = postSolution
		SolutionGuid = {0AD5ADB4-651E-4147-9026-1F6D42D502C6}
	EndGlobalSection
EndGlobal
